
Microsoft Visual Studio Solution File, Format Version 12.00
# Visual Studio Version 17
VisualStudioVersion = 17.2.32630.192
MinimumVisualStudioVersion = 10.0.40219.1
Project("{8BC9CEB8-8B4A-11D0-8D11-00A0C91BC942}") = "inClassLab-Classe", "inClassLab-Classe\inClassLab-Classe.vcxproj", "{242946B9-C6B7-4F79-B7C4-5E7288628953}"
EndProject
Global
	GlobalSection(SolutionConfigurationPlatforms) = preSolution
		Debug|x64 = Debug|x64
		Debug|x86 = Debug|x86
		Release|x64 = Release|x64
		Release|x86 = Release|x86
	EndGlobalSection
	GlobalSection(ProjectConfigurationPlatforms) = postSolution
		{242946B9-C6B7-4F79-B7C4-5E7288628953}.Debug|x64.ActiveCfg = Debug|x64
		{242946B9-C6B7-4F79-B7C4-5E7288628953}.Debug|x64.Build.0 = Debug|x64
		{242946B9-C6B7-4F79-B7C4-5E7288628953}.Debug|x86.ActiveCfg = Debug|Win32
		{242946B9-C6B7-4F79-B7C4-5E7288628953}.Debug|x86.Build.0 = Debug|Win32
		{242946B9-C6B7-4F79-B7C4-5E7288628953}.Release|x64.ActiveCfg = Release|x64
		{242946B9-C6B7-4F79-B7C4-5E7288628953}.Release|x64.Build.0 = Release|x64
		{242946B9-C6B7-4F79-B7C4-5E7288628953}.Release|x86.ActiveCfg = Release|Win32
		{242946B9-C6B7-4F79-B7C4-5E7288628953}.Release|x86.Build.0 = Release|Win32
	EndGlobalSection
	GlobalSection(SolutionProperties) = preSolution
		HideSolutionNode = FALSE
	EndGlobalSection
	GlobalSection(ExtensibilityGlobals) = postSolution
		SolutionGuid = {B2971531-2D27-4C02-995C-51B834EA5C87}
	EndGlobalSection
EndGlobal
