
Microsoft Visual Studio Solution File, Format Version 12.00
# Visual Studio Version 17
VisualStudioVersion = 17.2.32630.192
MinimumVisualStudioVersion = 10.0.40219.1
Project("{8BC9CEB8-8B4A-11D0-8D11-00A0C91BC942}") = "Screenshot-Morgan", "Screenshot-Morgan\Screenshot-Morgan.vcxproj", "{82CA786E-FBD2-424C-A3D1-A0C4B6CC92C4}"
EndProject
Global
	GlobalSection(SolutionConfigurationPlatforms) = preSolution
		Debug|x64 = Debug|x64
		Debug|x86 = Debug|x86
		Release|x64 = Release|x64
		Release|x86 = Release|x86
	EndGlobalSection
	GlobalSection(ProjectConfigurationPlatforms) = postSolution
		{82CA786E-FBD2-424C-A3D1-A0C4B6CC92C4}.Debug|x64.ActiveCfg = Debug|x64
		{82CA786E-FBD2-424C-A3D1-A0C4B6CC92C4}.Debug|x64.Build.0 = Debug|x64
		{82CA786E-FBD2-424C-A3D1-A0C4B6CC92C4}.Debug|x86.ActiveCfg = Debug|Win32
		{82CA786E-FBD2-424C-A3D1-A0C4B6CC92C4}.Debug|x86.Build.0 = Debug|Win32
		{82CA786E-FBD2-424C-A3D1-A0C4B6CC92C4}.Release|x64.ActiveCfg = Release|x64
		{82CA786E-FBD2-424C-A3D1-A0C4B6CC92C4}.Release|x64.Build.0 = Release|x64
		{82CA786E-FBD2-424C-A3D1-A0C4B6CC92C4}.Release|x86.ActiveCfg = Release|Win32
		{82CA786E-FBD2-424C-A3D1-A0C4B6CC92C4}.Release|x86.Build.0 = Release|Win32
	EndGlobalSection
	GlobalSection(SolutionProperties) = preSolution
		HideSolutionNode = FALSE
	EndGlobalSection
	GlobalSection(ExtensibilityGlobals) = postSolution
		SolutionGuid = {10E75E27-C32B-4C97-B5DB-F227FE7CFB87}
	EndGlobalSection
EndGlobal
